
Microsoft Visual Studio Solution File, Format Version 12.00
# Visual Studio Version 16
VisualStudioVersion = 16.0.28803.452
MinimumVisualStudioVersion = 10.0.40219.1
Project("{2150E333-8FDC-42A3-9474-1A3956D46DE8}") = "1.Library", "1.Library", "{F320723F-653D-4E58-90AF-B80BBD6DF352}"
EndProject
Project("{2150E333-8FDC-42A3-9474-1A3956D46DE8}") = "2.Model", "2.Model", "{01BD8C08-9DD3-484F-A277-030D065FAF58}"
EndProject
Project("{2150E333-8FDC-42A3-9474-1A3956D46DE8}") = "4.Web", "4.Web", "{808A5B04-5F85-453A-AD39-0AB076708DD5}"
EndProject
Project("{9A19103F-16F7-4668-BE54-9A1E7A4F7556}") = "WebApp", "WebApp\WebApp.csproj", "{5B6B488F-6920-490A-BC18-C7FD50CE8547}"
EndProject
Project("{2150E333-8FDC-42A3-9474-1A3956D46DE8}") = "3.Repository", "3.Repository", "{214E6BC6-80F3-49F9-B925-3B0E135934CA}"
EndProject
Project("{FAE04EC0-301F-11D3-BF4B-00C04F79EFBC}") = "Repository", "Repository\Repository.csproj", "{8A293C28-72AC-4586-810F-547AAF16FADB}"
EndProject
Project("{FAE04EC0-301F-11D3-BF4B-00C04F79EFBC}") = "CommonLibrary", "CommonLibrary\CommonLibrary.csproj", "{3CA80762-60F1-4552-A4C3-89B816FCE4CF}"
EndProject
Project("{FAE04EC0-301F-11D3-BF4B-00C04F79EFBC}") = "Model", "Model\Model.csproj", "{225C6717-2147-4B0F-8CB0-86B4C03249C3}"
EndProject
Global
	GlobalSection(SolutionConfigurationPlatforms) = preSolution
		Debug|Any CPU = Debug|Any CPU
		Release|Any CPU = Release|Any CPU
	EndGlobalSection
	GlobalSection(ProjectConfigurationPlatforms) = postSolution
		{5B6B488F-6920-490A-BC18-C7FD50CE8547}.Debug|Any CPU.ActiveCfg = Debug|Any CPU
		{5B6B488F-6920-490A-BC18-C7FD50CE8547}.Debug|Any CPU.Build.0 = Debug|Any CPU
		{5B6B488F-6920-490A-BC18-C7FD50CE8547}.Release|Any CPU.ActiveCfg = Release|Any CPU
		{5B6B488F-6920-490A-BC18-C7FD50CE8547}.Release|Any CPU.Build.0 = Release|Any CPU
		{8A293C28-72AC-4586-810F-547AAF16FADB}.Debug|Any CPU.ActiveCfg = Debug|Any CPU
		{8A293C28-72AC-4586-810F-547AAF16FADB}.Debug|Any CPU.Build.0 = Debug|Any CPU
		{8A293C28-72AC-4586-810F-547AAF16FADB}.Release|Any CPU.ActiveCfg = Release|Any CPU
		{8A293C28-72AC-4586-810F-547AAF16FADB}.Release|Any CPU.Build.0 = Release|Any CPU
		{3CA80762-60F1-4552-A4C3-89B816FCE4CF}.Debug|Any CPU.ActiveCfg = Debug|Any CPU
		{3CA80762-60F1-4552-A4C3-89B816FCE4CF}.Debug|Any CPU.Build.0 = Debug|Any CPU
		{3CA80762-60F1-4552-A4C3-89B816FCE4CF}.Release|Any CPU.ActiveCfg = Release|Any CPU
		{3CA80762-60F1-4552-A4C3-89B816FCE4CF}.Release|Any CPU.Build.0 = Release|Any CPU
		{225C6717-2147-4B0F-8CB0-86B4C03249C3}.Debug|Any CPU.ActiveCfg = Debug|Any CPU
		{225C6717-2147-4B0F-8CB0-86B4C03249C3}.Debug|Any CPU.Build.0 = Debug|Any CPU
		{225C6717-2147-4B0F-8CB0-86B4C03249C3}.Release|Any CPU.ActiveCfg = Release|Any CPU
		{225C6717-2147-4B0F-8CB0-86B4C03249C3}.Release|Any CPU.Build.0 = Release|Any CPU
	EndGlobalSection
	GlobalSection(SolutionProperties) = preSolution
		HideSolutionNode = FALSE
	EndGlobalSection
	GlobalSection(NestedProjects) = preSolution
		{5B6B488F-6920-490A-BC18-C7FD50CE8547} = {808A5B04-5F85-453A-AD39-0AB076708DD5}
		{8A293C28-72AC-4586-810F-547AAF16FADB} = {214E6BC6-80F3-49F9-B925-3B0E135934CA}
		{3CA80762-60F1-4552-A4C3-89B816FCE4CF} = {F320723F-653D-4E58-90AF-B80BBD6DF352}
		{225C6717-2147-4B0F-8CB0-86B4C03249C3} = {01BD8C08-9DD3-484F-A277-030D065FAF58}
	EndGlobalSection
	GlobalSection(ExtensibilityGlobals) = postSolution
		SolutionGuid = {CD2CBF8C-4FBF-49FC-9855-D2C5E1F1BC57}
	EndGlobalSection
EndGlobal
